
Microsoft Visual Studio Solution File, Format Version 12.00
# Visual Studio Version 17
VisualStudioVersion = 17.13.35913.81 d17.13
MinimumVisualStudioVersion = 10.0.40219.1
Project("{FAE04EC0-301F-11D3-BF4B-00C04F79EFBC}") = "test", "test.csproj", "{80F1E60E-D68C-47F4-91DA-FE096CA7BED8}"
EndProject
Global
	GlobalSection(SolutionConfigurationPlatforms) = preSolution
		Debug|Any CPU = Debug|Any CPU
		Release|Any CPU = Release|Any CPU
	EndGlobalSection
	GlobalSection(ProjectConfigurationPlatforms) = postSolution
		{80F1E60E-D68C-47F4-91DA-FE096CA7BED8}.Debug|Any CPU.ActiveCfg = Debug|Any CPU
		{80F1E60E-D68C-47F4-91DA-FE096CA7BED8}.Debug|Any CPU.Build.0 = Debug|Any CPU
		{80F1E60E-D68C-47F4-91DA-FE096CA7BED8}.Release|Any CPU.ActiveCfg = Release|Any CPU
		{80F1E60E-D68C-47F4-91DA-FE096CA7BED8}.Release|Any CPU.Build.0 = Release|Any CPU
	EndGlobalSection
	GlobalSection(SolutionProperties) = preSolution
		HideSolutionNode = FALSE
	EndGlobalSection
	GlobalSection(ExtensibilityGlobals) = postSolution
		SolutionGuid = {C5DACC10-E007-4822-BFF2-6F3C76FA84FE}
	EndGlobalSection
EndGlobal
